
Microsoft Visual Studio Solution File, Format Version 12.00
# Visual Studio 15
VisualStudioVersion = 15.0.27703.2042
MinimumVisualStudioVersion = 10.0.40219.1
Project("{F184B08F-C81C-45F6-A57F-5ABD9991F28F}") = "DLLKullananAlanHesabiFormUygulamasi", "DLLKullananAlanHesabiFormUygulamasi\DLLKullananAlanHesabiFormUygulamasi.vbproj", "{3ADE8AF2-6068-41AC-934A-2644C803B56D}"
EndProject
Global
	GlobalSection(SolutionConfigurationPlatforms) = preSolution
		Debug|Any CPU = Debug|Any CPU
		Release|Any CPU = Release|Any CPU
	EndGlobalSection
	GlobalSection(ProjectConfigurationPlatforms) = postSolution
		{3ADE8AF2-6068-41AC-934A-2644C803B56D}.Debug|Any CPU.ActiveCfg = Debug|Any CPU
		{3ADE8AF2-6068-41AC-934A-2644C803B56D}.Debug|Any CPU.Build.0 = Debug|Any CPU
		{3ADE8AF2-6068-41AC-934A-2644C803B56D}.Release|Any CPU.ActiveCfg = Release|Any CPU
		{3ADE8AF2-6068-41AC-934A-2644C803B56D}.Release|Any CPU.Build.0 = Release|Any CPU
	EndGlobalSection
	GlobalSection(SolutionProperties) = preSolution
		HideSolutionNode = FALSE
	EndGlobalSection
	GlobalSection(ExtensibilityGlobals) = postSolution
		SolutionGuid = {A6C7E458-4BB5-48FD-9D33-642BB81B43F2}
	EndGlobalSection
EndGlobal
